github.com/BurntSushi/toml v0.3.1/go.mod h1:xHWCNGjB5oqiDr8zfno3MHue2Ht5sIBksp03qcyfWMU=
github.com/aws/aws-lambda-go v1.19.1 h1:5iUHbIZ2sG6Yq/J1IN3sWm3+vAB1CWwhI21NffLNuNI=
github.com/aws/aws-lambda-go v1.19.1/go.mod h1:jJmlefzPfGnckuHdXX7/80O3BvUUi12XOkbv4w9SGLU=
github.com/aws/aws-sdk-go-v2 v0.26.0 h1:fiA3mmi1Bei56Q1ZbGBe8hKyDSMppmlwlCXavySIjv8=
github.com/aws/aws-sdk-go-v2 v0.26.0/go.mod h1:KAhGbTQM7VGrReUuwuRBIp+SSiB01L/jdfvwjtCJtEo=
github.com/aws/aws-sdk-go-v2/config v0.1.1 h1:NXOWBSXMJenmN0mMwNIXsvBUj5bDTmXgtc8krwI8zeo=
github.com/aws/aws-sdk-go-v2/config v0.1.1/go.mod h1:SUFcgvtuu1pwSJob3ZoFmmMIVBKnCrxmcqZRslj1p70=
github.com/aws/aws-sdk-go-v2/credentials v0.1.1 h1:3ClD8nF93jMX0yQyBu2nSbQUojZm2rW+UadhRwjDtLU=
github.com/aws/aws-sdk-go-v2/credentials v0.1.1/go.mod h1:fliHpDCn4E6BtDIDOXV0MCsmpfJWdCd/Y+JSWOlJnm4=
github.com/aws/aws-sdk-go-v2/ec2imds v0.1.1 h1:rHXLp/7LifgdeKAxlfd+QbGKfyGHnjtx2/BZiUe6jTw=
github.com/aws/aws-sdk-go-v2/ec2imds v0.1.1/go.mod h1:o7FOIC5leoSiSyJlUiIlsFctF6IkUzzAuQNd4136F+k=
github.com/aws/aws-sdk-go-v2/service/internal/accept-encoding v0.1.0 h1:KE3x6jJ4A+hdqPe99RL0ybmVH4wQp8I0ABCoLMAkdwY=
github.com/aws/aws-sdk-go-v2/service/internal/accept-encoding v0.1.0/go.mod h1:GRJ/IvA6A00/2tAw9KgMTM8as5gAlNI0FVCKBc+aRnA=
github.com/aws/aws-sdk-go-v2/service/internal/s3shared v0.1.1 h1:lffSnQ2m9+f7uvBHdrWLPvo0UCbKVohQ7YAwcbiJlGg=
github.com/aws/aws-sdk-go-v2/service/internal/s3shared v0.1.1/go.mod h1:jbQSZvTEaVpvfXuU67ZDQaqRNZnyq6fG88OiBmgGaVs=
github.com/aws/aws-sdk-go-v2/service/iotdataplane v0.26.0 h1:js9VkRhQCuEIPDzbSdH2Jx2JT/fAUuHEYzYXi/T1Y38=
github.com/aws/aws-sdk-go-v2/service/iotdataplane v0.26.0/go.mod h1:u9HvZEW/JzBDhPgJT2kQg/Mt+VDprDepgzI9jV+9orY=
github.com/aws/aws-sdk-go-v2/service/rekognition v0.26.0 h1:cxSJS/4y0oUPGCqqrIbWpp6bLZNN5OJg7K7iOfqrN9U=
github.com/aws/aws-sdk-go-v2/service/rekognition v0.26.0/go.mod h1:7aPNuRaRa0PI9gMNfzDjB/5S93QZUXX2+xYqsVAMMiE=
github.com/aws/aws-sdk-go-v2/service/s3 v0.26.0 h1:sIoCHzg0DUhXEk+/fAx8ekLOBKtA8JziEgykxaL2j30=
github.com/aws/aws-sdk-go-v2/service/s3 v0.26.0/go.mod h1:yzbc4zQwcqt33Z8dnIqM9mCPaH97ZxVnl1DCNv1jc6I=
github.com/aws/aws-sdk-go-v2/service/sns v0.26.0 h1:GfL/SJq9wq879sr8pBSCMvNSktO7tDEtm1QVig+0XMQ=
github.com/aws/aws-sdk-go-v2/service/sns v0.26.0/go.mod h1:RIV82VuTaqKbhx2AtS/hxxElsNqW4u0rROKERspDBvA=
github.com/aws/aws-sdk-go-v2/service/sts v0.26.0 h1:b0jHfQ+jGRyZ00mmmXo+yKU45GKdI0WpSKkmcDdckkY=
github.com/aws/aws-sdk-go-v2/service/sts v0.26.0/go.mod h1:IlfuuVUqU+dXG+VI/5oxyepHKqoa/DyLoXm4Q/etmlA=
github.com/awslabs/smithy-go v0.0.0-20200930175536-2cd7f70a8c2f/go.mod h1:hPOQwnmBLHsUphH13tVSjQhTAFma0/0XoZGbBcOuABI=
github.com/awslabs/smithy-go v0.1.0/go.mod h1:hPOQwnmBLHsUphH13tVSjQhTAFma0/0XoZGbBcOuABI=
github.com/awslabs/smithy-go v0.1.1 h1:v1hUSAYf3w2ClKr58C+AtwoyPVoBjWyWT8thf7/VRtU=
github.com/awslabs/smithy-go v0.1.1/go.mod h1:hPOQwnmBLHsUphH13tVSjQhTAFma0/0XoZGbBcOuABI=
github.com/caarlos0/env/v6 v6.3.0 h1:PaqGnS5iHScZ5SnZNBPvQbA2VE/eMAwlp51mKGuEZLg=
github.com/caarlos0/env/v6 v6.3.0/go.mod h1:nXKfztzgWXH0C5Adnp+gb+vXHmMjKdBnMrSVSczSkiw=
github.com/cpuguy83/go-md2man/v2 v2.0.0-20190314233015-f79a8a8ca69d/go.mod h1:maD7wRr/U5Z6m/iR4s+kqSMx2CaBsrgA7czyZG/E6dU=
github.com/cpuguy83/go-md2man/v2 v2.0.0/go.mod h1:maD7wRr/U5Z6m/iR4s+kqSMx2CaBsrgA7czyZG/E6dU=
github.com/davecgh/go-spew v1.1.0/go.mod h1:J7Y8YcW2NihsgmVo/mv3lAwl/skON4iLHjSsI+c5H38=
github.com/davecgh/go-spew v1.1.1 h1:vj9j/u1bqnvCEfJOwUhtlOARqs3+rkHYY13jYWTU97c=
github.com/davecgh/go-spew v1.1.1/go.mod h1:J7Y8YcW2NihsgmVo/mv3lAwl/skON4iLHjSsI+c5H38=
github.com/google/go-cmp v0.4.1 h1:/exdXoGamhu5ONeUJH0deniYLWYvQwW66yvlfiiKTu0=
github.com/google/go-cmp v0.4.1/go.mod h1:v8dTdLbMG2kIc/vJvl+f65V22dbkXbowE6jgT/gNBxE=
github.com/jmespath/go-jmespath v0.4.0/go.mod h1:T8mJZnbsbmF+m6zOOFylbeCJqk5+pHWvzYPziyZiYoo=
github.com/jmespath/go-jmespath/internal/testify v1.5.1/go.mod h1:L3OGu8Wl2/fWfCI6z80xFu9LTZmf1ZRjMHUOPmWr69U=
github.com/pmezard/go-difflib v1.0.0 h1:4DBwDE0NGyQoBHbLQYPwSUPoCMWR5BEzIk/f1lZbAQM=
github.com/pmezard/go-difflib v1.0.0/go.mod h1:iKH77koFhYxTK1pcRnkKkqfTogsbg7gZNVY4sRDYZ/4=
github.com/russross/blackfriday/v2 v2.0.1/go.mod h1:+Rmxgy9KzJVeS9/2gXHxylqXiyQDYRxCVz55jmeOWTM=
github.com/shurcooL/sanitized_anchor_name v1.0.0/go.mod h1:1NzhyTcUVG4SuEtjjoZeVRXNmyL/1OwPU0+IJeTBvfc=
github.com/stretchr/objx v0.1.0/go.mod h1:HFkY916IF+rwdDfMAkV7OtwuqBVzrE8GR6GFx+wExME=
github.com/stretchr/testify v1.5.1/go.mod h1:5W2xD1RspED5o8YsWQXVCued0rvSQ+mT+I5cxcmMvtA=
github.com/stretchr/testify v1.6.1 h1:hDPOHmpOpP40lSULcqw7IrRb/u7w6RpDC9399XyoNd0=
github.com/stretchr/testify v1.6.1/go.mod h1:6Fq8oRcR53rry900zMqJjRRixrwX3KX962/h/Wwjteg=
github.com/urfave/cli/v2 v2.2.0/go.mod h1:SE9GqnLQmjVa0iPEY0f1w3ygNIYcIJ0OKPMoW2caLfQ=
golang.org/x/xerrors v0.0.0-20191204190536-9bdfabe68543/go.mod h1:I/5z698sn9Ka8TeJc9MKroUUfqBBauWjQqLJ2OPfmY0=
golang.org/x/xerrors v0.0.0-20200804184101-5ec99f83aff1 h1:go1bK/D/BFZV2I8cIQd1NKEZ+0owSTG1fDTci4IqFcE=
golang.org/x/xerrors v0.0.0-20200804184101-5ec99f83aff1/go.mod h1:I/5z698sn9Ka8TeJc9MKroUUfqBBauWjQqLJ2OPfmY0=
gopkg.in/check.v1 v0.0.0-20161208181325-20d25e280405 h1:yhCVgyC4o1eVCa2tZl7eS0r+SDo693bJlVdllGtEeKM=
gopkg.in/check.v1 v0.0.0-20161208181325-20d25e280405/go.mod h1:Co6ibVJAznAaIkqp8huTwlJQCZ016jof/cbN4VW5Yz0=
gopkg.in/yaml.v2 v2.2.2/go.mod h1:hI93XBmqTisBFMUTm0b8Fm+jr3Dg1NNxqwp+5A1VGuI=
gopkg.in/yaml.v2 v2.2.8/go.mod h1:hI93XBmqTisBFMUTm0b8Fm+jr3Dg1NNxqwp+5A1VGuI=
gopkg.in/yaml.v3 v3.0.0-20200313102051-9f266ea9e77c/go.mod h1:K4uyk7z7BCEPqu6E+C64Yfv1cQ7kz7rIZviUmN+EgEM=
gopkg.in/yaml.v3 v3.0.0-20200615113413-eeeca48fe776 h1:tQIYjPdBoyREyB9XMu+nnTclpTYkz2zFM+lzLJFO4gQ=
gopkg.in/yaml.v3 v3.0.0-20200615113413-eeeca48fe776/go.mod h1:K4uyk7z7BCEPqu6E+C64Yfv1cQ7kz7rIZviUmN+EgEM=
